
Microsoft Visual Studio Solution File, Format Version 12.00
# Visual Studio 15
VisualStudioVersion = 15.0.26730.3
MinimumVisualStudioVersion = 10.0.40219.1
Project("{FAE04EC0-301F-11D3-BF4B-00C04F79EFBC}") = "Planets.Api", "src\Planets.Api\Planets.Api.csproj", "{403D400E-DAEE-48D5-9B5B-BC1D8FA7661E}"
EndProject
Global
	GlobalSection(SolutionConfigurationPlatforms) = preSolution
		Debug|Any CPU = Debug|Any CPU
		Release|Any CPU = Release|Any CPU
	EndGlobalSection
	GlobalSection(ProjectConfigurationPlatforms) = postSolution
		{403D400E-DAEE-48D5-9B5B-BC1D8FA7661E}.Debug|Any CPU.ActiveCfg = Debug|Any CPU
		{403D400E-DAEE-48D5-9B5B-BC1D8FA7661E}.Debug|Any CPU.Build.0 = Debug|Any CPU
		{403D400E-DAEE-48D5-9B5B-BC1D8FA7661E}.Release|Any CPU.ActiveCfg = Release|Any CPU
		{403D400E-DAEE-48D5-9B5B-BC1D8FA7661E}.Release|Any CPU.Build.0 = Release|Any CPU
	EndGlobalSection
	GlobalSection(SolutionProperties) = preSolution
		HideSolutionNode = FALSE
	EndGlobalSection
	GlobalSection(ExtensibilityGlobals) = postSolution
		SolutionGuid = {1A2C8196-CD4A-4AB0-9D35-00336F34B2DA}
	EndGlobalSection
EndGlobal
